// !$*UTF8*$!
{
	archiveVersion = 1;
	classes = {
	};
	objectVersion = 77;
	objects = {

/* Begin PBXBuildFile section */
		00DFEE3D17E2996C6181447D /* InfoPlist.strings in Resources */ = {isa = PBXBuildFile; fileRef = 02D968D64371C0DDD7FEFA16 /* InfoPlist.strings */; };
		089A170234D8B3403E3C8D3B /* CelestialSnapshot.swift in Sources */ = {isa = PBXBuildFile; fileRef = 9F2D9A3C12DF146DADEA75AA /* CelestialSnapshot.swift */; };
		0ED49E6F45C647795AD1E2C5 /* CelestialCatalog.swift in Sources */ = {isa = PBXBuildFile; fileRef = 940DE8902198862C784D8C9E /* CelestialCatalog.swift */; };
		1450D0B233E18E1B5C7FEFFB /* ObservingLocation.swift in Sources */ = {isa = PBXBuildFile; fileRef = 876FD1F7D832051695E21012 /* ObservingLocation.swift */; };
		202CF203581A3A4AE9F34F33 /* HeuraiMoonsApp.swift in Sources */ = {isa = PBXBuildFile; fileRef = 77D69B56453F4E88B6230633 /* HeuraiMoonsApp.swift */; };
		253DBA422A4618F44273CA0D /* LunarSnapshot.swift in Sources */ = {isa = PBXBuildFile; fileRef = BBF9C954DE3DFE1F12AE71B4 /* LunarSnapshot.swift */; };
		3468DAA576D7528DB4DA10F4 /* Localization.swift in Sources */ = {isa = PBXBuildFile; fileRef = EF5CF1C1E099E78E95C0772D /* Localization.swift */; };
		369DF2507702E5417105900B /* InfoPlist.strings in Resources */ = {isa = PBXBuildFile; fileRef = 2A050AE501CC84C45C0F7D31 /* InfoPlist.strings */; };
		40044CE76504E11F6285D436 /* ObservatoryLocationManager.swift in Sources */ = {isa = PBXBuildFile; fileRef = D82DFF379C54158459F23B95 /* ObservatoryLocationManager.swift */; };
		563FA31F3A5E76801948B7D0 /* InfoPlist.strings in Resources */ = {isa = PBXBuildFile; fileRef = 17817B41A97683EB738F3695 /* InfoPlist.strings */; };
		616D83FBF04B48237D5866BE /* Assets.xcassets in Resources */ = {isa = PBXBuildFile; fileRef = 4FD6230F15BF47188214965E /* Assets.xcassets */; };
		658E091D7FAC1644B53F7028 /* InfoPlist.strings in Resources */ = {isa = PBXBuildFile; fileRef = DBDE416A5BD4852844765784 /* InfoPlist.strings */; };
		6B604911023E1B08E6BAD1E3 /* ObservatoryStore.swift in Sources */ = {isa = PBXBuildFile; fileRef = 12915F9816DBDA7FB7737F6F /* ObservatoryStore.swift */; };
		83093094B0B091570BF39AE1 /* AppShellView.swift in Sources */ = {isa = PBXBuildFile; fileRef = CCCEB3E2EC570219EA9DA0A7 /* AppShellView.swift */; };
		B202707EAD93A5369AC4F49E /* InterfaceScale.swift in Sources */ = {isa = PBXBuildFile; fileRef = B9D31C24DCFC559E36DB5D5B /* InterfaceScale.swift */; };
		BE9B22D8C234D4678EC66884 /* SwiftAA in Frameworks */ = {isa = PBXBuildFile; productRef = 298E9FF5DC7FF42FF4957330 /* SwiftAA */; };
		BEA771CB06176E0FEA8A9E02 /* AppDelegate.swift in Sources */ = {isa = PBXBuildFile; fileRef = 8BCCEF87283439A878CD511C /* AppDelegate.swift */; };
		CA4B041D5B0AF507C1377FD6 /* NotificationScheduler.swift in Sources */ = {isa = PBXBuildFile; fileRef = 9A2285AA84FBD61169AEFA06 /* NotificationScheduler.swift */; };
		D65A5F24475BA6BA3F040652 /* CelestialEvent.swift in Sources */ = {isa = PBXBuildFile; fileRef = 2BEF187AB73D651553FC0504 /* CelestialEvent.swift */; };
		E4605773E06911DDB7D9DE86 /* Localizable.strings in Resources */ = {isa = PBXBuildFile; fileRef = 9D748C04A93FA6BAF7C877DC /* Localizable.strings */; };
		E470358975D0653D3ECBD9CC /* MoonMath.swift in Sources */ = {isa = PBXBuildFile; fileRef = 9CC1C22D0948916A10A9F967 /* MoonMath.swift */; };
		F59F35DE14E49B1F87ECC54F /* HeuraiBrand.swift in Sources */ = {isa = PBXBuildFile; fileRef = 129C4B938D192E035DE66345 /* HeuraiBrand.swift */; };
		F8CF66F156F5ACEBC860EC2B /* SettingsView.swift in Sources */ = {isa = PBXBuildFile; fileRef = EC8902B2350094CFC9E86B09 /* SettingsView.swift */; };
		FC7A7665700123CE4C91B937 /* LunarHUDView.swift in Sources */ = {isa = PBXBuildFile; fileRef = C7A6399ACB8E7180179214CB /* LunarHUDView.swift */; };
/* End PBXBuildFile section */

/* Begin PBXFileReference section */
		02D968D64371C0DDD7FEFA16 /* InfoPlist.strings */ = {isa = PBXFileReference; lastKnownFileType = text.plist.strings; name = InfoPlist.strings; path = es.lproj/InfoPlist.strings; sourceTree = "<group>"; };
		12915F9816DBDA7FB7737F6F /* ObservatoryStore.swift */ = {isa = PBXFileReference; lastKnownFileType = sourcecode.swift; path = ObservatoryStore.swift; sourceTree = "<group>"; };
		129C4B938D192E035DE66345 /* HeuraiBrand.swift */ = {isa = PBXFileReference; lastKnownFileType = sourcecode.swift; path = HeuraiBrand.swift; sourceTree = "<group>"; };
		17817B41A97683EB738F3695 /* InfoPlist.strings */ = {isa = PBXFileReference; lastKnownFileType = text.plist.strings; name = InfoPlist.strings; path = fr.lproj/InfoPlist.strings; sourceTree = "<group>"; };
		2A050AE501CC84C45C0F7D31 /* InfoPlist.strings */ = {isa = PBXFileReference; lastKnownFileType = text.plist.strings; name = InfoPlist.strings; path = de.lproj/InfoPlist.strings; sourceTree = "<group>"; };
		2BEF187AB73D651553FC0504 /* CelestialEvent.swift */ = {isa = PBXFileReference; lastKnownFileType = sourcecode.swift; path = CelestialEvent.swift; sourceTree = "<group>"; };
		45492DC379F2B2C4A29FB06D /* ja */ = {isa = PBXFileReference; lastKnownFileType = text.plist.strings; name = ja; path = ja.lproj/Localizable.strings; sourceTree = "<group>"; };
		4FD6230F15BF47188214965E /* Assets.xcassets */ = {isa = PBXFileReference; lastKnownFileType = folder.assetcatalog; path = Assets.xcassets; sourceTree = "<group>"; };
		5796EA45FC1D19D8DB8F4A5D /* es */ = {isa = PBXFileReference; lastKnownFileType = text.plist.strings; name = es; path = es.lproj/Localizable.strings; sourceTree = "<group>"; };
		77D69B56453F4E88B6230633 /* HeuraiMoonsApp.swift */ = {isa = PBXFileReference; lastKnownFileType = sourcecode.swift; path = HeuraiMoonsApp.swift; sourceTree = "<group>"; };
		7DDCF9C6EF3ADBC90809B949 /* HeuraiMoons.app */ = {isa = PBXFileReference; explicitFileType = wrapper.application; includeInIndex = 0; path = HeuraiMoons.app; sourceTree = BUILT_PRODUCTS_DIR; };
		85BFBE350F79EDD6AA2BCFAC /* de */ = {isa = PBXFileReference; lastKnownFileType = text.plist.strings; name = de; path = de.lproj/Localizable.strings; sourceTree = "<group>"; };
		876FD1F7D832051695E21012 /* ObservingLocation.swift */ = {isa = PBXFileReference; lastKnownFileType = sourcecode.swift; path = ObservingLocation.swift; sourceTree = "<group>"; };
		8BCCEF87283439A878CD511C /* AppDelegate.swift */ = {isa = PBXFileReference; lastKnownFileType = sourcecode.swift; path = AppDelegate.swift; sourceTree = "<group>"; };
		940DE8902198862C784D8C9E /* CelestialCatalog.swift */ = {isa = PBXFileReference; lastKnownFileType = sourcecode.swift; path = CelestialCatalog.swift; sourceTree = "<group>"; };
		9A2285AA84FBD61169AEFA06 /* NotificationScheduler.swift */ = {isa = PBXFileReference; lastKnownFileType = sourcecode.swift; path = NotificationScheduler.swift; sourceTree = "<group>"; };
		9CC1C22D0948916A10A9F967 /* MoonMath.swift */ = {isa = PBXFileReference; lastKnownFileType = sourcecode.swift; path = MoonMath.swift; sourceTree = "<group>"; };
		9F2D9A3C12DF146DADEA75AA /* CelestialSnapshot.swift */ = {isa = PBXFileReference; lastKnownFileType = sourcecode.swift; path = CelestialSnapshot.swift; sourceTree = "<group>"; };
		A8981E3EC887D97203F09220 /* fr */ = {isa = PBXFileReference; lastKnownFileType = text.plist.strings; name = fr; path = fr.lproj/Localizable.strings; sourceTree = "<group>"; };
		A9DB4230F5287DD26F673B4F /* en */ = {isa = PBXFileReference; lastKnownFileType = text.plist.strings; name = en; path = en.lproj/Localizable.strings; sourceTree = "<group>"; };
		B9D31C24DCFC559E36DB5D5B /* InterfaceScale.swift */ = {isa = PBXFileReference; lastKnownFileType = sourcecode.swift; path = InterfaceScale.swift; sourceTree = "<group>"; };
		BBF9C954DE3DFE1F12AE71B4 /* LunarSnapshot.swift */ = {isa = PBXFileReference; lastKnownFileType = sourcecode.swift; path = LunarSnapshot.swift; sourceTree = "<group>"; };
		C7A6399ACB8E7180179214CB /* LunarHUDView.swift */ = {isa = PBXFileReference; lastKnownFileType = sourcecode.swift; path = LunarHUDView.swift; sourceTree = "<group>"; };
		CCCEB3E2EC570219EA9DA0A7 /* AppShellView.swift */ = {isa = PBXFileReference; lastKnownFileType = sourcecode.swift; path = AppShellView.swift; sourceTree = "<group>"; };
		D82DFF379C54158459F23B95 /* ObservatoryLocationManager.swift */ = {isa = PBXFileReference; lastKnownFileType = sourcecode.swift; path = ObservatoryLocationManager.swift; sourceTree = "<group>"; };
		DBDE416A5BD4852844765784 /* InfoPlist.strings */ = {isa = PBXFileReference; lastKnownFileType = text.plist.strings; name = InfoPlist.strings; path = ja.lproj/InfoPlist.strings; sourceTree = "<group>"; };
		EC8902B2350094CFC9E86B09 /* SettingsView.swift */ = {isa = PBXFileReference; lastKnownFileType = sourcecode.swift; path = SettingsView.swift; sourceTree = "<group>"; };
		EF5CF1C1E099E78E95C0772D /* Localization.swift */ = {isa = PBXFileReference; lastKnownFileType = sourcecode.swift; path = Localization.swift; sourceTree = "<group>"; };
/* End PBXFileReference section */

/* Begin PBXFrameworksBuildPhase section */
		C4CD5D034F1401012957E0AF /* Frameworks */ = {
			isa = PBXFrameworksBuildPhase;
			buildActionMask = 2147483647;
			files = (
				BE9B22D8C234D4678EC66884 /* SwiftAA in Frameworks */,
			);
			runOnlyForDeploymentPostprocessing = 0;
		};
/* End PBXFrameworksBuildPhase section */

/* Begin PBXGroup section */
		162B498CA56E95E360EB3C27 = {
			isa = PBXGroup;
			children = (
				C4986D383BCEDB5E430327B4 /* Resources */,
				98143B4A6B4E667F6B213B75 /* Sources */,
				99A2E434E2B2E4860A5CD193 /* Sources */,
				FAD6A91CE24FBC3F67CF5DAF /* Products */,
			);
			sourceTree = "<group>";
		};
		98143B4A6B4E667F6B213B75 /* Sources */ = {
			isa = PBXGroup;
			children = (
				8BCCEF87283439A878CD511C /* AppDelegate.swift */,
				CCCEB3E2EC570219EA9DA0A7 /* AppShellView.swift */,
				77D69B56453F4E88B6230633 /* HeuraiMoonsApp.swift */,
				9A2285AA84FBD61169AEFA06 /* NotificationScheduler.swift */,
				D82DFF379C54158459F23B95 /* ObservatoryLocationManager.swift */,
				12915F9816DBDA7FB7737F6F /* ObservatoryStore.swift */,
				EC8902B2350094CFC9E86B09 /* SettingsView.swift */,
			);
			name = Sources;
			path = App/Sources;
			sourceTree = "<group>";
		};
		99A2E434E2B2E4860A5CD193 /* Sources */ = {
			isa = PBXGroup;
			children = (
				940DE8902198862C784D8C9E /* CelestialCatalog.swift */,
				2BEF187AB73D651553FC0504 /* CelestialEvent.swift */,
				9F2D9A3C12DF146DADEA75AA /* CelestialSnapshot.swift */,
				129C4B938D192E035DE66345 /* HeuraiBrand.swift */,
				B9D31C24DCFC559E36DB5D5B /* InterfaceScale.swift */,
				EF5CF1C1E099E78E95C0772D /* Localization.swift */,
				C7A6399ACB8E7180179214CB /* LunarHUDView.swift */,
				BBF9C954DE3DFE1F12AE71B4 /* LunarSnapshot.swift */,
				9CC1C22D0948916A10A9F967 /* MoonMath.swift */,
				876FD1F7D832051695E21012 /* ObservingLocation.swift */,
			);
			name = Sources;
			path = Shared/Sources;
			sourceTree = "<group>";
		};
		C4986D383BCEDB5E430327B4 /* Resources */ = {
			isa = PBXGroup;
			children = (
				4FD6230F15BF47188214965E /* Assets.xcassets */,
				2A050AE501CC84C45C0F7D31 /* InfoPlist.strings */,
				02D968D64371C0DDD7FEFA16 /* InfoPlist.strings */,
				17817B41A97683EB738F3695 /* InfoPlist.strings */,
				DBDE416A5BD4852844765784 /* InfoPlist.strings */,
				9D748C04A93FA6BAF7C877DC /* Localizable.strings */,
			);
			name = Resources;
			path = App/Resources;
			sourceTree = "<group>";
		};
		FAD6A91CE24FBC3F67CF5DAF /* Products */ = {
			isa = PBXGroup;
			children = (
				7DDCF9C6EF3ADBC90809B949 /* HeuraiMoons.app */,
			);
			name = Products;
			sourceTree = "<group>";
		};
/* End PBXGroup section */

/* Begin PBXNativeTarget section */
		A367DD26DC633BED3AF608B9 /* HeuraiMoons */ = {
			isa = PBXNativeTarget;
			buildConfigurationList = 38F422AE8E2D1211D865D80B /* Build configuration list for PBXNativeTarget "HeuraiMoons" */;
			buildPhases = (
				B9BAB6DE21396924A73F05A9 /* Sources */,
				956220136C85C3C31E106AAB /* Resources */,
				C4CD5D034F1401012957E0AF /* Frameworks */,
			);
			buildRules = (
			);
			dependencies = (
			);
			name = HeuraiMoons;
			packageProductDependencies = (
				298E9FF5DC7FF42FF4957330 /* SwiftAA */,
			);
			productName = HeuraiMoons;
			productReference = 7DDCF9C6EF3ADBC90809B949 /* HeuraiMoons.app */;
			productType = "com.apple.product-type.application";
		};
/* End PBXNativeTarget section */

/* Begin PBXProject section */
		A4449E4D3D8BCDA9E2EC1045 /* Project object */ = {
			isa = PBXProject;
			attributes = {
				BuildIndependentTargetsInParallel = YES;
				LastUpgradeCheck = 1430;
				TargetAttributes = {
					A367DD26DC633BED3AF608B9 = {
						DevelopmentTeam = "";
						ProvisioningStyle = Automatic;
					};
				};
			};
			buildConfigurationList = 1B14023DBFB084D538FE2779 /* Build configuration list for PBXProject "HeuraiMoons" */;
			developmentRegion = en;
			hasScannedForEncodings = 0;
			knownRegions = (
				Base,
				de,
				en,
				es,
				fr,
				ja,
			);
			mainGroup = 162B498CA56E95E360EB3C27;
			minimizedProjectReferenceProxies = 1;
			packageReferences = (
				34F581E68544A03D654644A1 /* XCRemoteSwiftPackageReference "SwiftAA" */,
			);
			preferredProjectObjectVersion = 77;
			projectDirPath = "";
			projectRoot = "";
			targets = (
				A367DD26DC633BED3AF608B9 /* HeuraiMoons */,
			);
		};
/* End PBXProject section */

/* Begin PBXResourcesBuildPhase section */
		956220136C85C3C31E106AAB /* Resources */ = {
			isa = PBXResourcesBuildPhase;
			buildActionMask = 2147483647;
			files = (
				616D83FBF04B48237D5866BE /* Assets.xcassets in Resources */,
				369DF2507702E5417105900B /* InfoPlist.strings in Resources */,
				658E091D7FAC1644B53F7028 /* InfoPlist.strings in Resources */,
				00DFEE3D17E2996C6181447D /* InfoPlist.strings in Resources */,
				563FA31F3A5E76801948B7D0 /* InfoPlist.strings in Resources */,
				E4605773E06911DDB7D9DE86 /* Localizable.strings in Resources */,
			);
			runOnlyForDeploymentPostprocessing = 0;
		};
/* End PBXResourcesBuildPhase section */

/* Begin PBXSourcesBuildPhase section */
		B9BAB6DE21396924A73F05A9 /* Sources */ = {
			isa = PBXSourcesBuildPhase;
			buildActionMask = 2147483647;
			files = (
				BEA771CB06176E0FEA8A9E02 /* AppDelegate.swift in Sources */,
				83093094B0B091570BF39AE1 /* AppShellView.swift in Sources */,
				0ED49E6F45C647795AD1E2C5 /* CelestialCatalog.swift in Sources */,
				D65A5F24475BA6BA3F040652 /* CelestialEvent.swift in Sources */,
				089A170234D8B3403E3C8D3B /* CelestialSnapshot.swift in Sources */,
				F59F35DE14E49B1F87ECC54F /* HeuraiBrand.swift in Sources */,
				202CF203581A3A4AE9F34F33 /* HeuraiMoonsApp.swift in Sources */,
				B202707EAD93A5369AC4F49E /* InterfaceScale.swift in Sources */,
				3468DAA576D7528DB4DA10F4 /* Localization.swift in Sources */,
				FC7A7665700123CE4C91B937 /* LunarHUDView.swift in Sources */,
				253DBA422A4618F44273CA0D /* LunarSnapshot.swift in Sources */,
				E470358975D0653D3ECBD9CC /* MoonMath.swift in Sources */,
				CA4B041D5B0AF507C1377FD6 /* NotificationScheduler.swift in Sources */,
				40044CE76504E11F6285D436 /* ObservatoryLocationManager.swift in Sources */,
				6B604911023E1B08E6BAD1E3 /* ObservatoryStore.swift in Sources */,
				1450D0B233E18E1B5C7FEFFB /* ObservingLocation.swift in Sources */,
				F8CF66F156F5ACEBC860EC2B /* SettingsView.swift in Sources */,
			);
			runOnlyForDeploymentPostprocessing = 0;
		};
/* End PBXSourcesBuildPhase section */

/* Begin PBXVariantGroup section */
		9D748C04A93FA6BAF7C877DC /* Localizable.strings */ = {
			isa = PBXVariantGroup;
			children = (
				85BFBE350F79EDD6AA2BCFAC /* de */,
				A9DB4230F5287DD26F673B4F /* en */,
				5796EA45FC1D19D8DB8F4A5D /* es */,
				A8981E3EC887D97203F09220 /* fr */,
				45492DC379F2B2C4A29FB06D /* ja */,
			);
			name = Localizable.strings;
			sourceTree = "<group>";
		};
/* End PBXVariantGroup section */

/* Begin XCBuildConfiguration section */
		1F74944EEBEFC0648ABF97C2 /* Debug */ = {
			isa = XCBuildConfiguration;
			buildSettings = {
				ASSETCATALOG_COMPILER_APPICON_NAME = AppIcon;
				CODE_SIGN_STYLE = Automatic;
				COMBINE_HIDPI_IMAGES = YES;
				GENERATE_INFOPLIST_FILE = NO;
				INFOPLIST_FILE = App/Info.plist;
				LD_RUNPATH_SEARCH_PATHS = (
					"$(inherited)",
					"@executable_path/../Frameworks",
				);
				PRODUCT_BUNDLE_IDENTIFIER = com.heurai.moons;
				PRODUCT_NAME = "moons ∆ heurai";
				SDKROOT = macosx;
			};
			name = Debug;
		};
		7E6CD798FEEB77499E974D30 /* Release */ = {
			isa = XCBuildConfiguration;
			buildSettings = {
				ASSETCATALOG_COMPILER_APPICON_NAME = AppIcon;
				CODE_SIGN_STYLE = Automatic;
				COMBINE_HIDPI_IMAGES = YES;
				GENERATE_INFOPLIST_FILE = NO;
				INFOPLIST_FILE = App/Info.plist;
				LD_RUNPATH_SEARCH_PATHS = (
					"$(inherited)",
					"@executable_path/../Frameworks",
				);
				PRODUCT_BUNDLE_IDENTIFIER = com.heurai.moons;
				PRODUCT_NAME = "moons ∆ heurai";
				SDKROOT = macosx;
			};
			name = Release;
		};
		9AC51ACCDF7260EC1916ABE2 /* Debug */ = {
			isa = XCBuildConfiguration;
			buildSettings = {
				ALWAYS_SEARCH_USER_PATHS = NO;
				CLANG_ANALYZER_NONNULL = YES;
				CLANG_ANALYZER_NUMBER_OBJECT_CONVERSION = YES_AGGRESSIVE;
				CLANG_CXX_LANGUAGE_STANDARD = "gnu++14";
				CLANG_CXX_LIBRARY = "libc++";
				CLANG_ENABLE_MODULES = YES;
				CLANG_ENABLE_OBJC_ARC = YES;
				CLANG_ENABLE_OBJC_WEAK = YES;
				CLANG_WARN_BLOCK_CAPTURE_AUTORELEASING = YES;
				CLANG_WARN_BOOL_CONVERSION = YES;
				CLANG_WARN_COMMA = YES;
				CLANG_WARN_CONSTANT_CONVERSION = YES;
				CLANG_WARN_DEPRECATED_OBJC_IMPLEMENTATIONS = YES;
				CLANG_WARN_DIRECT_OBJC_ISA_USAGE = YES_ERROR;
				CLANG_WARN_DOCUMENTATION_COMMENTS = YES;
				CLANG_WARN_EMPTY_BODY = YES;
				CLANG_WARN_ENUM_CONVERSION = YES;
				CLANG_WARN_INFINITE_RECURSION = YES;
				CLANG_WARN_INT_CONVERSION = YES;
				CLANG_WARN_NON_LITERAL_NULL_CONVERSION = YES;
				CLANG_WARN_OBJC_IMPLICIT_RETAIN_SELF = YES;
				CLANG_WARN_OBJC_LITERAL_CONVERSION = YES;
				CLANG_WARN_OBJC_ROOT_CLASS = YES_ERROR;
				CLANG_WARN_QUOTED_INCLUDE_IN_FRAMEWORK_HEADER = YES;
				CLANG_WARN_RANGE_LOOP_ANALYSIS = YES;
				CLANG_WARN_STRICT_PROTOTYPES = YES;
				CLANG_WARN_SUSPICIOUS_MOVE = YES;
				CLANG_WARN_UNGUARDED_AVAILABILITY = YES_AGGRESSIVE;
				CLANG_WARN_UNREACHABLE_CODE = YES;
				CLANG_WARN__DUPLICATE_METHOD_MATCH = YES;
				COPY_PHASE_STRIP = NO;
				DEBUG_INFORMATION_FORMAT = dwarf;
				DEVELOPMENT_TEAM = "";
				ENABLE_STRICT_OBJC_MSGSEND = YES;
				ENABLE_TESTABILITY = YES;
				GCC_C_LANGUAGE_STANDARD = gnu11;
				GCC_DYNAMIC_NO_PIC = NO;
				GCC_NO_COMMON_BLOCKS = YES;
				GCC_OPTIMIZATION_LEVEL = 0;
				GCC_PREPROCESSOR_DEFINITIONS = (
					"$(inherited)",
					"DEBUG=1",
				);
				GCC_WARN_64_TO_32_BIT_CONVERSION = YES;
				GCC_WARN_ABOUT_RETURN_TYPE = YES_ERROR;
				GCC_WARN_UNDECLARED_SELECTOR = YES;
				GCC_WARN_UNINITIALIZED_AUTOS = YES_AGGRESSIVE;
				GCC_WARN_UNUSED_FUNCTION = YES;
				GCC_WARN_UNUSED_VARIABLE = YES;
				MACOSX_DEPLOYMENT_TARGET = 14.0;
				MTL_ENABLE_DEBUG_INFO = INCLUDE_SOURCE;
				MTL_FAST_MATH = YES;
				ONLY_ACTIVE_ARCH = YES;
				PRODUCT_NAME = "$(TARGET_NAME)";
				SDKROOT = macosx;
				SUPPORTED_PLATFORMS = macosx;
				SWIFT_ACTIVE_COMPILATION_CONDITIONS = DEBUG;
				SWIFT_OPTIMIZATION_LEVEL = "-Onone";
				SWIFT_VERSION = 6.0;
			};
			name = Debug;
		};
		E6074A796476A6F5A1C27E79 /* Release */ = {
			isa = XCBuildConfiguration;
			buildSettings = {
				ALWAYS_SEARCH_USER_PATHS = NO;
				CLANG_ANALYZER_NONNULL = YES;
				CLANG_ANALYZER_NUMBER_OBJECT_CONVERSION = YES_AGGRESSIVE;
				CLANG_CXX_LANGUAGE_STANDARD = "gnu++14";
				CLANG_CXX_LIBRARY = "libc++";
				CLANG_ENABLE_MODULES = YES;
				CLANG_ENABLE_OBJC_ARC = YES;
				CLANG_ENABLE_OBJC_WEAK = YES;
				CLANG_WARN_BLOCK_CAPTURE_AUTORELEASING = YES;
				CLANG_WARN_BOOL_CONVERSION = YES;
				CLANG_WARN_COMMA = YES;
				CLANG_WARN_CONSTANT_CONVERSION = YES;
				CLANG_WARN_DEPRECATED_OBJC_IMPLEMENTATIONS = YES;
				CLANG_WARN_DIRECT_OBJC_ISA_USAGE = YES_ERROR;
				CLANG_WARN_DOCUMENTATION_COMMENTS = YES;
				CLANG_WARN_EMPTY_BODY = YES;
				CLANG_WARN_ENUM_CONVERSION = YES;
				CLANG_WARN_INFINITE_RECURSION = YES;
				CLANG_WARN_INT_CONVERSION = YES;
				CLANG_WARN_NON_LITERAL_NULL_CONVERSION = YES;
				CLANG_WARN_OBJC_IMPLICIT_RETAIN_SELF = YES;
				CLANG_WARN_OBJC_LITERAL_CONVERSION = YES;
				CLANG_WARN_OBJC_ROOT_CLASS = YES_ERROR;
				CLANG_WARN_QUOTED_INCLUDE_IN_FRAMEWORK_HEADER = YES;
				CLANG_WARN_RANGE_LOOP_ANALYSIS = YES;
				CLANG_WARN_STRICT_PROTOTYPES = YES;
				CLANG_WARN_SUSPICIOUS_MOVE = YES;
				CLANG_WARN_UNGUARDED_AVAILABILITY = YES_AGGRESSIVE;
				CLANG_WARN_UNREACHABLE_CODE = YES;
				CLANG_WARN__DUPLICATE_METHOD_MATCH = YES;
				COPY_PHASE_STRIP = NO;
				DEBUG_INFORMATION_FORMAT = "dwarf-with-dsym";
				DEVELOPMENT_TEAM = "";
				ENABLE_NS_ASSERTIONS = NO;
				ENABLE_STRICT_OBJC_MSGSEND = YES;
				GCC_C_LANGUAGE_STANDARD = gnu11;
				GCC_NO_COMMON_BLOCKS = YES;
				GCC_WARN_64_TO_32_BIT_CONVERSION = YES;
				GCC_WARN_ABOUT_RETURN_TYPE = YES_ERROR;
				GCC_WARN_UNDECLARED_SELECTOR = YES;
				GCC_WARN_UNINITIALIZED_AUTOS = YES_AGGRESSIVE;
				GCC_WARN_UNUSED_FUNCTION = YES;
				GCC_WARN_UNUSED_VARIABLE = YES;
				MACOSX_DEPLOYMENT_TARGET = 14.0;
				MTL_ENABLE_DEBUG_INFO = NO;
				MTL_FAST_MATH = YES;
				PRODUCT_NAME = "$(TARGET_NAME)";
				SDKROOT = macosx;
				SUPPORTED_PLATFORMS = macosx;
				SWIFT_COMPILATION_MODE = wholemodule;
				SWIFT_OPTIMIZATION_LEVEL = "-O";
				SWIFT_VERSION = 6.0;
			};
			name = Release;
		};
/* End XCBuildConfiguration section */

/* Begin XCConfigurationList section */
		1B14023DBFB084D538FE2779 /* Build configuration list for PBXProject "HeuraiMoons" */ = {
			isa = XCConfigurationList;
			buildConfigurations = (
				9AC51ACCDF7260EC1916ABE2 /* Debug */,
				E6074A796476A6F5A1C27E79 /* Release */,
			);
			defaultConfigurationIsVisible = 0;
			defaultConfigurationName = Debug;
		};
		38F422AE8E2D1211D865D80B /* Build configuration list for PBXNativeTarget "HeuraiMoons" */ = {
			isa = XCConfigurationList;
			buildConfigurations = (
				1F74944EEBEFC0648ABF97C2 /* Debug */,
				7E6CD798FEEB77499E974D30 /* Release */,
			);
			defaultConfigurationIsVisible = 0;
			defaultConfigurationName = Debug;
		};
/* End XCConfigurationList section */

/* Begin XCRemoteSwiftPackageReference section */
		34F581E68544A03D654644A1 /* XCRemoteSwiftPackageReference "SwiftAA" */ = {
			isa = XCRemoteSwiftPackageReference;
			repositoryURL = "https://github.com/onekiloparsec/SwiftAA.git";
			requirement = {
				kind = exactVersion;
				version = 3.0.0;
			};
		};
/* End XCRemoteSwiftPackageReference section */

/* Begin XCSwiftPackageProductDependency section */
		298E9FF5DC7FF42FF4957330 /* SwiftAA */ = {
			isa = XCSwiftPackageProductDependency;
			package = 34F581E68544A03D654644A1 /* XCRemoteSwiftPackageReference "SwiftAA" */;
			productName = SwiftAA;
		};
/* End XCSwiftPackageProductDependency section */
	};
	rootObject = A4449E4D3D8BCDA9E2EC1045 /* Project object */;
}
