{
  "originHash" : "0ae91fb57689f48b9d649dda8ecf70b4d4f634145677d4e4780e72d96f6ca9fe",
  "pins" : [
    {
      "identity" : "swiftaa",
      "kind" : "remoteSourceControl",
      "location" : "https://github.com/onekiloparsec/SwiftAA.git",
      "state" : {
        "revision" : "af016dcade6dbd6eb8faaa2b37353c3eef579146",
        "version" : "3.0.0"
      }
    }
  ],
  "version" : 3
}
